
Microsoft Visual Studio Solution File, Format Version 12.00
# Visual Studio Version 17
VisualStudioVersion = 17.0.31903.59
MinimumVisualStudioVersion = 10.0.40219.1
Project("{FAE04EC0-301F-11D3-BF4B-00C04F79EFBC}") = "APINoGraph", "APINoGraph\APINoGraph.csproj", "{1D41004C-BB36-4ECF-91E3-BBA67134BFC5}"
EndProject
Project("{FAE04EC0-301F-11D3-BF4B-00C04F79EFBC}") = "APIWithGraph", "APIWithGraph\APIWithGraph.csproj", "{CA6FDFA4-FC38-42F4-A3A3-E4DDF1FA6004}"
EndProject
Project("{FAE04EC0-301F-11D3-BF4B-00C04F79EFBC}") = "WebApp", "WebApp\WebApp.csproj", "{D24A6D04-76FD-4D25-84B4-CE5A23CCA912}"
EndProject
Global
	GlobalSection(SolutionConfigurationPlatforms) = preSolution
		Debug|Any CPU = Debug|Any CPU
		Release|Any CPU = Release|Any CPU
	EndGlobalSection
	GlobalSection(SolutionProperties) = preSolution
		HideSolutionNode = FALSE
	EndGlobalSection
	GlobalSection(ProjectConfigurationPlatforms) = postSolution
		{1D41004C-BB36-4ECF-91E3-BBA67134BFC5}.Debug|Any CPU.ActiveCfg = Debug|Any CPU
		{1D41004C-BB36-4ECF-91E3-BBA67134BFC5}.Debug|Any CPU.Build.0 = Debug|Any CPU
		{1D41004C-BB36-4ECF-91E3-BBA67134BFC5}.Release|Any CPU.ActiveCfg = Release|Any CPU
		{1D41004C-BB36-4ECF-91E3-BBA67134BFC5}.Release|Any CPU.Build.0 = Release|Any CPU
		{CA6FDFA4-FC38-42F4-A3A3-E4DDF1FA6004}.Debug|Any CPU.ActiveCfg = Debug|Any CPU
		{CA6FDFA4-FC38-42F4-A3A3-E4DDF1FA6004}.Debug|Any CPU.Build.0 = Debug|Any CPU
		{CA6FDFA4-FC38-42F4-A3A3-E4DDF1FA6004}.Release|Any CPU.ActiveCfg = Release|Any CPU
		{CA6FDFA4-FC38-42F4-A3A3-E4DDF1FA6004}.Release|Any CPU.Build.0 = Release|Any CPU
		{D24A6D04-76FD-4D25-84B4-CE5A23CCA912}.Debug|Any CPU.ActiveCfg = Debug|Any CPU
		{D24A6D04-76FD-4D25-84B4-CE5A23CCA912}.Debug|Any CPU.Build.0 = Debug|Any CPU
		{D24A6D04-76FD-4D25-84B4-CE5A23CCA912}.Release|Any CPU.ActiveCfg = Release|Any CPU
		{D24A6D04-76FD-4D25-84B4-CE5A23CCA912}.Release|Any CPU.Build.0 = Release|Any CPU
	EndGlobalSection
EndGlobal
